// !$*UTF8*$!
{
	archiveVersion = 1;
	classes = {
	};
	objectVersion = 48;
	objects = {

/* Begin PBXBuildFile section */
		2410EB89206B6BA30058FABC /* AppDelegate.swift in Sources */ = {isa = PBXBuildFile; fileRef = 2410EB88206B6BA30058FABC /* AppDelegate.swift */; };
		2410EB8B206B6BA30058FABC /* ViewController.swift in Sources */ = {isa = PBXBuildFile; fileRef = 2410EB8A206B6BA30058FABC /* ViewController.swift */; };
		2410EB8E206B6BA30058FABC /* Main.storyboard in Resources */ = {isa = PBXBuildFile; fileRef = 2410EB8C206B6BA30058FABC /* Main.storyboard */; };
		2410EB90206B6BA30058FABC /* Assets.xcassets in Resources */ = {isa = PBXBuildFile; fileRef = 2410EB8F206B6BA30058FABC /* Assets.xcassets */; };
		2410EB93206B6BA30058FABC /* LaunchScreen.storyboard in Resources */ = {isa = PBXBuildFile; fileRef = 2410EB91206B6BA30058FABC /* LaunchScreen.storyboard */; };
		2410EB9B206B6FF40058FABC /* QuestionViewController.swift in Sources */ = {isa = PBXBuildFile; fileRef = 2410EB9A206B6FF40058FABC /* QuestionViewController.swift */; };
		2410EB9D206B71380058FABC /* QuestionHelper.swift in Sources */ = {isa = PBXBuildFile; fileRef = 2410EB9C206B71380058FABC /* QuestionHelper.swift */; };
		2410EB9F206B755E0058FABC /* ArrayExtension.swift in Sources */ = {isa = PBXBuildFile; fileRef = 2410EB9E206B755E0058FABC /* ArrayExtension.swift */; };
		2410EBA1206B79890058FABC /* DoubleExtension.swift in Sources */ = {isa = PBXBuildFile; fileRef = 2410EBA0206B79890058FABC /* DoubleExtension.swift */; };
/* End PBXBuildFile section */

/* Begin PBXFileReference section */
		2410EB85206B6BA30058FABC /* ELGuideProject.app */ = {isa = PBXFileReference; explicitFileType = wrapper.application; includeInIndex = 0; path = ELGuideProject.app; sourceTree = BUILT_PRODUCTS_DIR; };
		2410EB88206B6BA30058FABC /* AppDelegate.swift */ = {isa = PBXFileReference; lastKnownFileType = sourcecode.swift; path = AppDelegate.swift; sourceTree = "<group>"; };
		2410EB8A206B6BA30058FABC /* ViewController.swift */ = {isa = PBXFileReference; lastKnownFileType = sourcecode.swift; path = ViewController.swift; sourceTree = "<group>"; };
		2410EB8D206B6BA30058FABC /* Base */ = {isa = PBXFileReference; lastKnownFileType = file.storyboard; name = Base; path = Base.lproj/Main.storyboard; sourceTree = "<group>"; };
		2410EB8F206B6BA30058FABC /* Assets.xcassets */ = {isa = PBXFileReference; lastKnownFileType = folder.assetcatalog; path = Assets.xcassets; sourceTree = "<group>"; };
		2410EB92206B6BA30058FABC /* Base */ = {isa = PBXFileReference; lastKnownFileType = file.storyboard; name = Base; path = Base.lproj/LaunchScreen.storyboard; sourceTree = "<group>"; };
		2410EB94206B6BA30058FABC /* Info.plist */ = {isa = PBXFileReference; lastKnownFileType = text.plist.xml; path = Info.plist; sourceTree = "<group>"; };
		2410EB9A206B6FF40058FABC /* QuestionViewController.swift */ = {isa = PBXFileReference; lastKnownFileType = sourcecode.swift; path = QuestionViewController.swift; sourceTree = "<group>"; };
		2410EB9C206B71380058FABC /* QuestionHelper.swift */ = {isa = PBXFileReference; lastKnownFileType = sourcecode.swift; path = QuestionHelper.swift; sourceTree = "<group>"; };
		2410EB9E206B755E0058FABC /* ArrayExtension.swift */ = {isa = PBXFileReference; lastKnownFileType = sourcecode.swift; path = ArrayExtension.swift; sourceTree = "<group>"; };
		2410EBA0206B79890058FABC /* DoubleExtension.swift */ = {isa = PBXFileReference; lastKnownFileType = sourcecode.swift; path = DoubleExtension.swift; sourceTree = "<group>"; };
/* End PBXFileReference section */

/* Begin PBXFrameworksBuildPhase section */
		2410EB82206B6BA30058FABC /* Frameworks */ = {
			isa = PBXFrameworksBuildPhase;
			buildActionMask = 2147483647;
			files = (
			);
			runOnlyForDeploymentPostprocessing = 0;
		};
/* End PBXFrameworksBuildPhase section */

/* Begin PBXGroup section */
		2410EB7C206B6BA30058FABC = {
			isa = PBXGroup;
			children = (
				2410EB87206B6BA30058FABC /* ELGuideProject */,
				2410EB86206B6BA30058FABC /* Products */,
			);
			sourceTree = "<group>";
		};
		2410EB86206B6BA30058FABC /* Products */ = {
			isa = PBXGroup;
			children = (
				2410EB85206B6BA30058FABC /* ELGuideProject.app */,
			);
			name = Products;
			sourceTree = "<group>";
		};
		2410EB87206B6BA30058FABC /* ELGuideProject */ = {
			isa = PBXGroup;
			children = (
				2410EB88206B6BA30058FABC /* AppDelegate.swift */,
				2410EB9E206B755E0058FABC /* ArrayExtension.swift */,
				2410EBA0206B79890058FABC /* DoubleExtension.swift */,
				2410EB8A206B6BA30058FABC /* ViewController.swift */,
				2410EB9C206B71380058FABC /* QuestionHelper.swift */,
				2410EB9A206B6FF40058FABC /* QuestionViewController.swift */,
				2410EB8C206B6BA30058FABC /* Main.storyboard */,
				2410EB8F206B6BA30058FABC /* Assets.xcassets */,
				2410EB91206B6BA30058FABC /* LaunchScreen.storyboard */,
				2410EB94206B6BA30058FABC /* Info.plist */,
			);
			path = ELGuideProject;
			sourceTree = "<group>";
		};
/* End PBXGroup section */

/* Begin PBXNativeTarget section */
		2410EB84206B6BA30058FABC /* ELGuideProject */ = {
			isa = PBXNativeTarget;
			buildConfigurationList = 2410EB97206B6BA30058FABC /* Build configuration list for PBXNativeTarget "ELGuideProject" */;
			buildPhases = (
				2410EB81206B6BA30058FABC /* Sources */,
				2410EB82206B6BA30058FABC /* Frameworks */,
				2410EB83206B6BA30058FABC /* Resources */,
			);
			buildRules = (
			);
			dependencies = (
			);
			name = ELGuideProject;
			productName = ELGuideProject;
			productReference = 2410EB85206B6BA30058FABC /* ELGuideProject.app */;
			productType = "com.apple.product-type.application";
		};
/* End PBXNativeTarget section */

/* Begin PBXProject section */
		2410EB7D206B6BA30058FABC /* Project object */ = {
			isa = PBXProject;
			attributes = {
				LastSwiftUpdateCheck = 0920;
				LastUpgradeCheck = 0920;
				ORGANIZATIONNAME = "Kuixi Song";
				TargetAttributes = {
					2410EB84206B6BA30058FABC = {
						CreatedOnToolsVersion = 9.2;
						ProvisioningStyle = Automatic;
					};
				};
			};
			buildConfigurationList = 2410EB80206B6BA30058FABC /* Build configuration list for PBXProject "ELGuideProject" */;
			compatibilityVersion = "Xcode 8.0";
			developmentRegion = en;
			hasScannedForEncodings = 0;
			knownRegions = (
				en,
				Base,
			);
			mainGroup = 2410EB7C206B6BA30058FABC;
			productRefGroup = 2410EB86206B6BA30058FABC /* Products */;
			projectDirPath = "";
			projectRoot = "";
			targets = (
				2410EB84206B6BA30058FABC /* ELGuideProject */,
			);
		};
/* End PBXProject section */

/* Begin PBXResourcesBuildPhase section */
		2410EB83206B6BA30058FABC /* Resources */ = {
			isa = PBXResourcesBuildPhase;
			buildActionMask = 2147483647;
			files = (
				2410EB93206B6BA30058FABC /* LaunchScreen.storyboard in Resources */,
				2410EB90206B6BA30058FABC /* Assets.xcassets in Resources */,
				2410EB8E206B6BA30058FABC /* Main.storyboard in Resources */,
			);
			runOnlyForDeploymentPostprocessing = 0;
		};
/* End PBXResourcesBuildPhase section */

/* Begin PBXSourcesBuildPhase section */
		2410EB81206B6BA30058FABC /* Sources */ = {
			isa = PBXSourcesBuildPhase;
			buildActionMask = 2147483647;
			files = (
				2410EBA1206B79890058FABC /* DoubleExtension.swift in Sources */,
				2410EB9F206B755E0058FABC /* ArrayExtension.swift in Sources */,
				2410EB8B206B6BA30058FABC /* ViewController.swift in Sources */,
				2410EB89206B6BA30058FABC /* AppDelegate.swift in Sources */,
				2410EB9B206B6FF40058FABC /* QuestionViewController.swift in Sources */,
				2410EB9D206B71380058FABC /* QuestionHelper.swift in Sources */,
			);
			runOnlyForDeploymentPostprocessing = 0;
		};
/* End PBXSourcesBuildPhase section */

/* Begin PBXVariantGroup section */
		2410EB8C206B6BA30058FABC /* Main.storyboard */ = {
			isa = PBXVariantGroup;
			children = (
				2410EB8D206B6BA30058FABC /* Base */,
			);
			name = Main.storyboard;
			sourceTree = "<group>";
		};
		2410EB91206B6BA30058FABC /* LaunchScreen.storyboard */ = {
			isa = PBXVariantGroup;
			children = (
				2410EB92206B6BA30058FABC /* Base */,
			);
			name = LaunchScreen.storyboard;
			sourceTree = "<group>";
		};
/* End PBXVariantGroup section */

/* Begin XCBuildConfiguration section */
		2410EB95206B6BA30058FABC /* Debug */ = {
			isa = XCBuildConfiguration;
			buildSettings = {
				ALWAYS_SEARCH_USER_PATHS = NO;
				CLANG_ANALYZER_NONNULL = YES;
				CLANG_ANALYZER_NUMBER_OBJECT_CONVERSION = YES_AGGRESSIVE;
				CLANG_CXX_LANGUAGE_STANDARD = "gnu++14";
				CLANG_CXX_LIBRARY = "libc++";
				CLANG_ENABLE_MODULES = YES;
				CLANG_ENABLE_OBJC_ARC = YES;
				CLANG_WARN_BLOCK_CAPTURE_AUTORELEASING = YES;
				CLANG_WARN_BOOL_CONVERSION = YES;
				CLANG_WARN_COMMA = YES;
				CLANG_WARN_CONSTANT_CONVERSION = YES;
				CLANG_WARN_DIRECT_OBJC_ISA_USAGE = YES_ERROR;
				CLANG_WARN_DOCUMENTATION_COMMENTS = YES;
				CLANG_WARN_EMPTY_BODY = YES;
				CLANG_WARN_ENUM_CONVERSION = YES;
				CLANG_WARN_INFINITE_RECURSION = YES;
				CLANG_WARN_INT_CONVERSION = YES;
				CLANG_WARN_NON_LITERAL_NULL_CONVERSION = YES;
				CLANG_WARN_OBJC_LITERAL_CONVERSION = YES;
				CLANG_WARN_OBJC_ROOT_CLASS = YES_ERROR;
				CLANG_WARN_RANGE_LOOP_ANALYSIS = YES;
				CLANG_WARN_STRICT_PROTOTYPES = YES;
				CLANG_WARN_SUSPICIOUS_MOVE = YES;
				CLANG_WARN_UNGUARDED_AVAILABILITY = YES_AGGRESSIVE;
				CLANG_WARN_UNREACHABLE_CODE = YES;
				CLANG_WARN__DUPLICATE_METHOD_MATCH = YES;
				CODE_SIGN_IDENTITY = "iPhone Developer";
				COPY_PHASE_STRIP = NO;
				DEBUG_INFORMATION_FORMAT = dwarf;
				ENABLE_STRICT_OBJC_MSGSEND = YES;
				ENABLE_TESTABILITY = YES;
				GCC_C_LANGUAGE_STANDARD = gnu11;
				GCC_DYNAMIC_NO_PIC = NO;
				GCC_NO_COMMON_BLOCKS = YES;
				GCC_OPTIMIZATION_LEVEL = 0;
				GCC_PREPROCESSOR_DEFINITIONS = (
					"DEBUG=1",
					"$(inherited)",
				);
				GCC_WARN_64_TO_32_BIT_CONVERSION = YES;
				GCC_WARN_ABOUT_RETURN_TYPE = YES_ERROR;
				GCC_WARN_UNDECLARED_SELECTOR = YES;
				GCC_WARN_UNINITIALIZED_AUTOS = YES_AGGRESSIVE;
				GCC_WARN_UNUSED_FUNCTION = YES;
				GCC_WARN_UNUSED_VARIABLE = YES;
				IPHONEOS_DEPLOYMENT_TARGET = 11.2;
				MTL_ENABLE_DEBUG_INFO = YES;
				ONLY_ACTIVE_ARCH = YES;
				SDKROOT = iphoneos;
				SWIFT_ACTIVE_COMPILATION_CONDITIONS = DEBUG;
				SWIFT_OPTIMIZATION_LEVEL = "-Onone";
			};
			name = Debug;
		};
		2410EB96206B6BA30058FABC /* Release */ = {
			isa = XCBuildConfiguration;
			buildSettings = {
				ALWAYS_SEARCH_USER_PATHS = NO;
				CLANG_ANALYZER_NONNULL = YES;
				CLANG_ANALYZER_NUMBER_OBJECT_CONVERSION = YES_AGGRESSIVE;
				CLANG_CXX_LANGUAGE_STANDARD = "gnu++14";
				CLANG_CXX_LIBRARY = "libc++";
				CLANG_ENABLE_MODULES = YES;
				CLANG_ENABLE_OBJC_ARC = YES;
				CLANG_WARN_BLOCK_CAPTURE_AUTORELEASING = YES;
				CLANG_WARN_BOOL_CONVERSION = YES;
				CLANG_WARN_COMMA = YES;
				CLANG_WARN_CONSTANT_CONVERSION = YES;
				CLANG_WARN_DIRECT_OBJC_ISA_USAGE = YES_ERROR;
				CLANG_WARN_DOCUMENTATION_COMMENTS = YES;
				CLANG_WARN_EMPTY_BODY = YES;
				CLANG_WARN_ENUM_CONVERSION = YES;
				CLANG_WARN_INFINITE_RECURSION = YES;
				CLANG_WARN_INT_CONVERSION = YES;
				CLANG_WARN_NON_LITERAL_NULL_CONVERSION = YES;
				CLANG_WARN_OBJC_LITERAL_CONVERSION = YES;
				CLANG_WARN_OBJC_ROOT_CLASS = YES_ERROR;
				CLANG_WARN_RANGE_LOOP_ANALYSIS = YES;
				CLANG_WARN_STRICT_PROTOTYPES = YES;
				CLANG_WARN_SUSPICIOUS_MOVE = YES;
				CLANG_WARN_UNGUARDED_AVAILABILITY = YES_AGGRESSIVE;
				CLANG_WARN_UNREACHABLE_CODE = YES;
				CLANG_WARN__DUPLICATE_METHOD_MATCH = YES;
				CODE_SIGN_IDENTITY = "iPhone Developer";
				COPY_PHASE_STRIP = NO;
				DEBUG_INFORMATION_FORMAT = "dwarf-with-dsym";
				ENABLE_NS_ASSERTIONS = NO;
				ENABLE_STRICT_OBJC_MSGSEND = YES;
				GCC_C_LANGUAGE_STANDARD = gnu11;
				GCC_NO_COMMON_BLOCKS = YES;
				GCC_WARN_64_TO_32_BIT_CONVERSION = YES;
				GCC_WARN_ABOUT_RETURN_TYPE = YES_ERROR;
				GCC_WARN_UNDECLARED_SELECTOR = YES;
				GCC_WARN_UNINITIALIZED_AUTOS = YES_AGGRESSIVE;
				GCC_WARN_UNUSED_FUNCTION = YES;
				GCC_WARN_UNUSED_VARIABLE = YES;
				IPHONEOS_DEPLOYMENT_TARGET = 11.2;
				MTL_ENABLE_DEBUG_INFO = NO;
				SDKROOT = iphoneos;
				SWIFT_OPTIMIZATION_LEVEL = "-Owholemodule";
				VALIDATE_PRODUCT = YES;
			};
			name = Release;
		};
		2410EB98206B6BA30058FABC /* Debug */ = {
			isa = XCBuildConfiguration;
			buildSettings = {
				ASSETCATALOG_COMPILER_APPICON_NAME = AppIcon;
				CODE_SIGN_STYLE = Automatic;
				DEVELOPMENT_TEAM = VEBQ28K9EA;
				INFOPLIST_FILE = ELGuideProject/Info.plist;
				LD_RUNPATH_SEARCH_PATHS = "$(inherited) @executable_path/Frameworks";
				PRODUCT_BUNDLE_IDENTIFIER = com.krayc.ELGuideProject;
				PRODUCT_NAME = "$(TARGET_NAME)";
				SWIFT_VERSION = 4.0;
				TARGETED_DEVICE_FAMILY = "1,2";
			};
			name = Debug;
		};
		2410EB99206B6BA30058FABC /* Release */ = {
			isa = XCBuildConfiguration;
			buildSettings = {
				ASSETCATALOG_COMPILER_APPICON_NAME = AppIcon;
				CODE_SIGN_STYLE = Automatic;
				DEVELOPMENT_TEAM = VEBQ28K9EA;
				INFOPLIST_FILE = ELGuideProject/Info.plist;
				LD_RUNPATH_SEARCH_PATHS = "$(inherited) @executable_path/Frameworks";
				PRODUCT_BUNDLE_IDENTIFIER = com.krayc.ELGuideProject;
				PRODUCT_NAME = "$(TARGET_NAME)";
				SWIFT_VERSION = 4.0;
				TARGETED_DEVICE_FAMILY = "1,2";
			};
			name = Release;
		};
/* End XCBuildConfiguration section */

/* Begin XCConfigurationList section */
		2410EB80206B6BA30058FABC /* Build configuration list for PBXProject "ELGuideProject" */ = {
			isa = XCConfigurationList;
			buildConfigurations = (
				2410EB95206B6BA30058FABC /* Debug */,
				2410EB96206B6BA30058FABC /* Release */,
			);
			defaultConfigurationIsVisible = 0;
			defaultConfigurationName = Release;
		};
		2410EB97206B6BA30058FABC /* Build configuration list for PBXNativeTarget "ELGuideProject" */ = {
			isa = XCConfigurationList;
			buildConfigurations = (
				2410EB98206B6BA30058FABC /* Debug */,
				2410EB99206B6BA30058FABC /* Release */,
			);
			defaultConfigurationIsVisible = 0;
			defaultConfigurationName = Release;
		};
/* End XCConfigurationList section */
	};
	rootObject = 2410EB7D206B6BA30058FABC /* Project object */;
}
